
Microsoft Visual Studio Solution File, Format Version 12.00
# Visual Studio 15
VisualStudioVersion = 15.0.28010.2003
MinimumVisualStudioVersion = 10.0.40219.1
Project("{FAE04EC0-301F-11D3-BF4B-00C04F79EFBC}") = "Hangman", "Hangman\Hangman.csproj", "{5BFE4AED-52CD-4B25-B87B-1BC5153FE14B}"
EndProject
Global
	GlobalSection(SolutionConfigurationPlatforms) = preSolution
		Debug|Any CPU = Debug|Any CPU
		Release|Any CPU = Release|Any CPU
	EndGlobalSection
	GlobalSection(ProjectConfigurationPlatforms) = postSolution
		{5BFE4AED-52CD-4B25-B87B-1BC5153FE14B}.Debug|Any CPU.ActiveCfg = Debug|Any CPU
		{5BFE4AED-52CD-4B25-B87B-1BC5153FE14B}.Debug|Any CPU.Build.0 = Debug|Any CPU
		{5BFE4AED-52CD-4B25-B87B-1BC5153FE14B}.Release|Any CPU.ActiveCfg = Release|Any CPU
		{5BFE4AED-52CD-4B25-B87B-1BC5153FE14B}.Release|Any CPU.Build.0 = Release|Any CPU
	EndGlobalSection
	GlobalSection(SolutionProperties) = preSolution
		HideSolutionNode = FALSE
	EndGlobalSection
	GlobalSection(ExtensibilityGlobals) = postSolution
		SolutionGuid = {513816AF-5735-44E4-98D5-043F871DDDCC}
	EndGlobalSection
EndGlobal
